
Microsoft Visual Studio Solution File, Format Version 11.00
# Visual Studio 2010
Project("{FAE04EC0-301F-11D3-BF4B-00C04F79EFBC}") = "Assembly-CSharp", "Assembly-CSharp.csproj", "{43CF8DB0-2890-8097-666F-65A4AA4D0EEB}"
EndProject
Project("{FAE04EC0-301F-11D3-BF4B-00C04F79EFBC}") = "Assembly-CSharp-Editor", "Assembly-CSharp-Editor.csproj", "{590991D8-2067-ADF5-882F-555B87DE9452}"
EndProject
Global
	GlobalSection(SolutionConfigurationPlatforms) = preSolution
		Debug|Any CPU = Debug|Any CPU
		Release|Any CPU = Release|Any CPU
	EndGlobalSection
	GlobalSection(ProjectConfigurationPlatforms) = postSolution
		{43CF8DB0-2890-8097-666F-65A4AA4D0EEB}.Debug|Any CPU.ActiveCfg = Debug|Any CPU
		{43CF8DB0-2890-8097-666F-65A4AA4D0EEB}.Debug|Any CPU.Build.0 = Debug|Any CPU
		{43CF8DB0-2890-8097-666F-65A4AA4D0EEB}.Release|Any CPU.ActiveCfg = Release|Any CPU
		{43CF8DB0-2890-8097-666F-65A4AA4D0EEB}.Release|Any CPU.Build.0 = Release|Any CPU
		{590991D8-2067-ADF5-882F-555B87DE9452}.Debug|Any CPU.ActiveCfg = Debug|Any CPU
		{590991D8-2067-ADF5-882F-555B87DE9452}.Debug|Any CPU.Build.0 = Debug|Any CPU
		{590991D8-2067-ADF5-882F-555B87DE9452}.Release|Any CPU.ActiveCfg = Release|Any CPU
		{590991D8-2067-ADF5-882F-555B87DE9452}.Release|Any CPU.Build.0 = Release|Any CPU
	EndGlobalSection
	GlobalSection(SolutionProperties) = preSolution
		HideSolutionNode = FALSE
	EndGlobalSection
	GlobalSection(MonoDevelopProperties) = preSolution
		StartupItem = Assembly-CSharp.csproj
	EndGlobalSection
EndGlobal
